
Microsoft Visual Studio Solution File, Format Version 12.00
# Visual Studio 15
VisualStudioVersion = 15.0.27004.2009
MinimumVisualStudioVersion = 10.0.40219.1
Project("{FAE04EC0-301F-11D3-BF4B-00C04F79EFBC}") = "BulkActionsForPaintDotNet", "BulkActionsForPaintDotNet\BulkActionsForPaintDotNet.csproj", "{8B74E3E2-13F5-46E7-8B21-9935A4B11BA9}"
EndProject
Global
	GlobalSection(SolutionConfigurationPlatforms) = preSolution
		Debug|Any CPU = Debug|Any CPU
		Release|Any CPU = Release|Any CPU
	EndGlobalSection
	GlobalSection(ProjectConfigurationPlatforms) = postSolution
		{8B74E3E2-13F5-46E7-8B21-9935A4B11BA9}.Debug|Any CPU.ActiveCfg = Debug|Any CPU
		{8B74E3E2-13F5-46E7-8B21-9935A4B11BA9}.Debug|Any CPU.Build.0 = Debug|Any CPU
		{8B74E3E2-13F5-46E7-8B21-9935A4B11BA9}.Release|Any CPU.ActiveCfg = Release|Any CPU
		{8B74E3E2-13F5-46E7-8B21-9935A4B11BA9}.Release|Any CPU.Build.0 = Release|Any CPU
	EndGlobalSection
	GlobalSection(SolutionProperties) = preSolution
		HideSolutionNode = FALSE
	EndGlobalSection
	GlobalSection(ExtensibilityGlobals) = postSolution
		SolutionGuid = {7B7996DE-D894-4792-82B5-2477F69B6084}
	EndGlobalSection
EndGlobal
